
Microsoft Visual Studio Solution File, Format Version 11.00
# Visual Studio 2010
Project("{FAE04EC0-301F-11D3-BF4B-00C04F79EFBC}") = "SHPEFeedsReader", "SHPEFeedsReader\SHPEFeedsReader.csproj", "{C9A0D0B8-57B3-4ECB-AA14-0B023536F618}"
	ProjectSection(ProjectDependencies) = postProject
		{BBA683BD-5164-47CF-91D0-728D3BA21349} = {BBA683BD-5164-47CF-91D0-728D3BA21349}
	EndProjectSection
EndProject
Project("{FAE04EC0-301F-11D3-BF4B-00C04F79EFBC}") = "SHPEFeedsReader.Web", "SHPEFeedsReader.Web\SHPEFeedsReader.Web.csproj", "{BBA683BD-5164-47CF-91D0-728D3BA21349}"
EndProject
Global
	GlobalSection(SolutionConfigurationPlatforms) = preSolution
		Debug|Any CPU = Debug|Any CPU
		Release|Any CPU = Release|Any CPU
	EndGlobalSection
	GlobalSection(ProjectConfigurationPlatforms) = postSolution
		{C9A0D0B8-57B3-4ECB-AA14-0B023536F618}.Debug|Any CPU.ActiveCfg = Debug|Any CPU
		{C9A0D0B8-57B3-4ECB-AA14-0B023536F618}.Debug|Any CPU.Build.0 = Debug|Any CPU
		{C9A0D0B8-57B3-4ECB-AA14-0B023536F618}.Release|Any CPU.ActiveCfg = Release|Any CPU
		{C9A0D0B8-57B3-4ECB-AA14-0B023536F618}.Release|Any CPU.Build.0 = Release|Any CPU
		{BBA683BD-5164-47CF-91D0-728D3BA21349}.Debug|Any CPU.ActiveCfg = Debug|Any CPU
		{BBA683BD-5164-47CF-91D0-728D3BA21349}.Debug|Any CPU.Build.0 = Debug|Any CPU
		{BBA683BD-5164-47CF-91D0-728D3BA21349}.Release|Any CPU.ActiveCfg = Release|Any CPU
		{BBA683BD-5164-47CF-91D0-728D3BA21349}.Release|Any CPU.Build.0 = Release|Any CPU
	EndGlobalSection
	GlobalSection(SolutionProperties) = preSolution
		HideSolutionNode = FALSE
	EndGlobalSection
EndGlobal
